
Microsoft Visual Studio Solution File, Format Version 12.00
Project("{FAE04EC0-301F-11D3-BF4B-00C04F79EFBC}") = "JournalApp", "JournalApp.csproj", "{4BA6C32D-16C0-4F0D-AEC1-C9AE42071DEF}"
EndProject
Global
	GlobalSection(SolutionConfigurationPlatforms) = preSolution
		Debug|Any CPU = Debug|Any CPU
		Release|Any CPU = Release|Any CPU
	EndGlobalSection
	GlobalSection(ProjectConfigurationPlatforms) = postSolution
		{4BA6C32D-16C0-4F0D-AEC1-C9AE42071DEF}.Debug|Any CPU.ActiveCfg = Debug|Any CPU
		{4BA6C32D-16C0-4F0D-AEC1-C9AE42071DEF}.Debug|Any CPU.Build.0 = Debug|Any CPU
		{4BA6C32D-16C0-4F0D-AEC1-C9AE42071DEF}.Release|Any CPU.ActiveCfg = Release|Any CPU
		{4BA6C32D-16C0-4F0D-AEC1-C9AE42071DEF}.Release|Any CPU.Build.0 = Release|Any CPU
	EndGlobalSection
EndGlobal
